
Microsoft Visual Studio Solution File, Format Version 12.00
# Visual Studio Version 16
VisualStudioVersion = 16.0.29009.5
MinimumVisualStudioVersion = 10.0.40219.1
Project("{FAE04EC0-301F-11D3-BF4B-00C04F79EFBC}") = "GameDatabase", "GameDatabase\GameDatabase.csproj", "{646511D8-D1EE-4001-8AD0-3779A762F4E0}"
EndProject
Project("{FAE04EC0-301F-11D3-BF4B-00C04F79EFBC}") = "DatabaseGameTesting", "DatabaseGameTesting\DatabaseGameTesting.csproj", "{888FEA2F-B6EC-4536-B906-188AF8E64CC8}"
EndProject
Global
	GlobalSection(SolutionConfigurationPlatforms) = preSolution
		Debug|Any CPU = Debug|Any CPU
		Release|Any CPU = Release|Any CPU
	EndGlobalSection
	GlobalSection(ProjectConfigurationPlatforms) = postSolution
		{646511D8-D1EE-4001-8AD0-3779A762F4E0}.Debug|Any CPU.ActiveCfg = Debug|Any CPU
		{646511D8-D1EE-4001-8AD0-3779A762F4E0}.Debug|Any CPU.Build.0 = Debug|Any CPU
		{646511D8-D1EE-4001-8AD0-3779A762F4E0}.Release|Any CPU.ActiveCfg = Release|Any CPU
		{646511D8-D1EE-4001-8AD0-3779A762F4E0}.Release|Any CPU.Build.0 = Release|Any CPU
		{888FEA2F-B6EC-4536-B906-188AF8E64CC8}.Debug|Any CPU.ActiveCfg = Debug|Any CPU
		{888FEA2F-B6EC-4536-B906-188AF8E64CC8}.Debug|Any CPU.Build.0 = Debug|Any CPU
		{888FEA2F-B6EC-4536-B906-188AF8E64CC8}.Release|Any CPU.ActiveCfg = Release|Any CPU
		{888FEA2F-B6EC-4536-B906-188AF8E64CC8}.Release|Any CPU.Build.0 = Release|Any CPU
	EndGlobalSection
	GlobalSection(SolutionProperties) = preSolution
		HideSolutionNode = FALSE
	EndGlobalSection
	GlobalSection(ExtensibilityGlobals) = postSolution
		SolutionGuid = {3EA491B6-5DB8-4E1C-8E00-87163E6B3CF0}
	EndGlobalSection
EndGlobal
